
Microsoft Visual Studio Solution File, Format Version 12.00
# Visual Studio Version 17
VisualStudioVersion = 17.4.33205.214
MinimumVisualStudioVersion = 10.0.40219.1
Project("{FAE04EC0-301F-11D3-BF4B-00C04F79EFBC}") = "WebApi", "src\WebApi\WebApi.csproj", "{C140E4EB-E89A-4F6E-84EE-4FC2DE9A8114}"
EndProject
Project("{FAE04EC0-301F-11D3-BF4B-00C04F79EFBC}") = "Common", "src\Common\Common.csproj", "{4FBF26A9-39AD-4EB1-8EDB-2C789AED49A9}"
EndProject
Global
	GlobalSection(SolutionConfigurationPlatforms) = preSolution
		Debug|Any CPU = Debug|Any CPU
		Release|Any CPU = Release|Any CPU
	EndGlobalSection
	GlobalSection(ProjectConfigurationPlatforms) = postSolution
		{C140E4EB-E89A-4F6E-84EE-4FC2DE9A8114}.Debug|Any CPU.ActiveCfg = Debug|Any CPU
		{C140E4EB-E89A-4F6E-84EE-4FC2DE9A8114}.Debug|Any CPU.Build.0 = Debug|Any CPU
		{C140E4EB-E89A-4F6E-84EE-4FC2DE9A8114}.Release|Any CPU.ActiveCfg = Release|Any CPU
		{C140E4EB-E89A-4F6E-84EE-4FC2DE9A8114}.Release|Any CPU.Build.0 = Release|Any CPU
		{4FBF26A9-39AD-4EB1-8EDB-2C789AED49A9}.Debug|Any CPU.ActiveCfg = Debug|Any CPU
		{4FBF26A9-39AD-4EB1-8EDB-2C789AED49A9}.Debug|Any CPU.Build.0 = Debug|Any CPU
		{4FBF26A9-39AD-4EB1-8EDB-2C789AED49A9}.Release|Any CPU.ActiveCfg = Release|Any CPU
		{4FBF26A9-39AD-4EB1-8EDB-2C789AED49A9}.Release|Any CPU.Build.0 = Release|Any CPU
	EndGlobalSection
	GlobalSection(SolutionProperties) = preSolution
		HideSolutionNode = FALSE
	EndGlobalSection
	GlobalSection(ExtensibilityGlobals) = postSolution
		SolutionGuid = {D6C2AF78-3AF5-4D18-88BB-7A59F0564820}
	EndGlobalSection
EndGlobal
